
Microsoft Visual Studio Solution File, Format Version 12.00
# Visual Studio Version 16
VisualStudioVersion = 16.0.30523.141
MinimumVisualStudioVersion = 10.0.40219.1
Project("{FAE04EC0-301F-11D3-BF4B-00C04F79EFBC}") = "TestDepotGithub", "TestDepotGithub\TestDepotGithub.csproj", "{FBA1B72F-0FE5-4C1A-8D26-04E8B03FD6C3}"
EndProject
Global
	GlobalSection(SolutionConfigurationPlatforms) = preSolution
		Debug|Any CPU = Debug|Any CPU
		Release|Any CPU = Release|Any CPU
	EndGlobalSection
	GlobalSection(ProjectConfigurationPlatforms) = postSolution
		{FBA1B72F-0FE5-4C1A-8D26-04E8B03FD6C3}.Debug|Any CPU.ActiveCfg = Debug|Any CPU
		{FBA1B72F-0FE5-4C1A-8D26-04E8B03FD6C3}.Debug|Any CPU.Build.0 = Debug|Any CPU
		{FBA1B72F-0FE5-4C1A-8D26-04E8B03FD6C3}.Release|Any CPU.ActiveCfg = Release|Any CPU
		{FBA1B72F-0FE5-4C1A-8D26-04E8B03FD6C3}.Release|Any CPU.Build.0 = Release|Any CPU
	EndGlobalSection
	GlobalSection(SolutionProperties) = preSolution
		HideSolutionNode = FALSE
	EndGlobalSection
	GlobalSection(ExtensibilityGlobals) = postSolution
		SolutionGuid = {DB981671-4E74-4EA9-906F-8DE127C9A927}
	EndGlobalSection
EndGlobal
